
Microsoft Visual Studio Solution File, Format Version 12.00
# Visual Studio 15
VisualStudioVersion = 15.0.26730.10
MinimumVisualStudioVersion = 10.0.40219.1
Project("{9A19103F-16F7-4668-BE54-9A1E7A4F7556}") = "Algorithms", "Algorithms\Algorithms.csproj", "{22581CC5-EFD6-40F6-A4BA-9A0F7ADD39D6}"
EndProject
Project("{9A19103F-16F7-4668-BE54-9A1E7A4F7556}") = "Algorithms.Test", "Algorithms.Test\Algorithms.Test.csproj", "{9C662754-93A7-4416-9B2C-0247FE896CEF}"
EndProject
Global
	GlobalSection(SolutionConfigurationPlatforms) = preSolution
		Debug|Any CPU = Debug|Any CPU
		Release|Any CPU = Release|Any CPU
	EndGlobalSection
	GlobalSection(ProjectConfigurationPlatforms) = postSolution
		{22581CC5-EFD6-40F6-A4BA-9A0F7ADD39D6}.Debug|Any CPU.ActiveCfg = Debug|Any CPU
		{22581CC5-EFD6-40F6-A4BA-9A0F7ADD39D6}.Debug|Any CPU.Build.0 = Debug|Any CPU
		{22581CC5-EFD6-40F6-A4BA-9A0F7ADD39D6}.Release|Any CPU.ActiveCfg = Release|Any CPU
		{22581CC5-EFD6-40F6-A4BA-9A0F7ADD39D6}.Release|Any CPU.Build.0 = Release|Any CPU
		{9C662754-93A7-4416-9B2C-0247FE896CEF}.Debug|Any CPU.ActiveCfg = Debug|Any CPU
		{9C662754-93A7-4416-9B2C-0247FE896CEF}.Debug|Any CPU.Build.0 = Debug|Any CPU
		{9C662754-93A7-4416-9B2C-0247FE896CEF}.Release|Any CPU.ActiveCfg = Release|Any CPU
		{9C662754-93A7-4416-9B2C-0247FE896CEF}.Release|Any CPU.Build.0 = Release|Any CPU
	EndGlobalSection
	GlobalSection(SolutionProperties) = preSolution
		HideSolutionNode = FALSE
	EndGlobalSection
	GlobalSection(ExtensibilityGlobals) = postSolution
		SolutionGuid = {70EF0D0C-2389-4160-8F9F-5C1CA71AD88F}
	EndGlobalSection
EndGlobal
