
Microsoft Visual Studio Solution File, Format Version 12.00
# Visual Studio 15
VisualStudioVersion = 15.0.26124.0
MinimumVisualStudioVersion = 15.0.26124.0
Project("{FAE04EC0-301F-11D3-BF4B-00C04F79EFBC}") = "Algorithms", "Algorithms\Algorithms.csproj", "{F55B3790-29C3-46EE-96F8-D7F7256F85D3}"
EndProject
Project("{FAE04EC0-301F-11D3-BF4B-00C04F79EFBC}") = "Algorithms.Test", "Algorithms.Test\Algorithms.Test.csproj", "{434B3D7F-E627-4CCC-BE1A-4302281A44A8}"
EndProject
Project("{FAE04EC0-301F-11D3-BF4B-00C04F79EFBC}") = "DataStructures.Test", "DataStructures.Test\DataStructures.Test.csproj", "{D3208AB2-95B6-4565-9A8D-CA8230F0B9C6}"
EndProject
Project("{FAE04EC0-301F-11D3-BF4B-00C04F79EFBC}") = "DataStructures", "DataStructures\DataStructures.csproj", "{462D863C-DE3B-4DB0-A2C2-E9EA0832B3E3}"
EndProject
Global
	GlobalSection(SolutionConfigurationPlatforms) = preSolution
		Debug|Any CPU = Debug|Any CPU
		Debug|x64 = Debug|x64
		Debug|x86 = Debug|x86
		Release|Any CPU = Release|Any CPU
		Release|x64 = Release|x64
		Release|x86 = Release|x86
	EndGlobalSection
	GlobalSection(SolutionProperties) = preSolution
		HideSolutionNode = FALSE
	EndGlobalSection
	GlobalSection(ProjectConfigurationPlatforms) = postSolution
		{F55B3790-29C3-46EE-96F8-D7F7256F85D3}.Debug|Any CPU.ActiveCfg = Debug|Any CPU
		{F55B3790-29C3-46EE-96F8-D7F7256F85D3}.Debug|Any CPU.Build.0 = Debug|Any CPU
		{F55B3790-29C3-46EE-96F8-D7F7256F85D3}.Debug|x64.ActiveCfg = Debug|Any CPU
		{F55B3790-29C3-46EE-96F8-D7F7256F85D3}.Debug|x64.Build.0 = Debug|Any CPU
		{F55B3790-29C3-46EE-96F8-D7F7256F85D3}.Debug|x86.ActiveCfg = Debug|Any CPU
		{F55B3790-29C3-46EE-96F8-D7F7256F85D3}.Debug|x86.Build.0 = Debug|Any CPU
		{F55B3790-29C3-46EE-96F8-D7F7256F85D3}.Release|Any CPU.ActiveCfg = Release|Any CPU
		{F55B3790-29C3-46EE-96F8-D7F7256F85D3}.Release|Any CPU.Build.0 = Release|Any CPU
		{F55B3790-29C3-46EE-96F8-D7F7256F85D3}.Release|x64.ActiveCfg = Release|Any CPU
		{F55B3790-29C3-46EE-96F8-D7F7256F85D3}.Release|x64.Build.0 = Release|Any CPU
		{F55B3790-29C3-46EE-96F8-D7F7256F85D3}.Release|x86.ActiveCfg = Release|Any CPU
		{F55B3790-29C3-46EE-96F8-D7F7256F85D3}.Release|x86.Build.0 = Release|Any CPU
		{434B3D7F-E627-4CCC-BE1A-4302281A44A8}.Debug|Any CPU.ActiveCfg = Debug|Any CPU
		{434B3D7F-E627-4CCC-BE1A-4302281A44A8}.Debug|Any CPU.Build.0 = Debug|Any CPU
		{434B3D7F-E627-4CCC-BE1A-4302281A44A8}.Debug|x64.ActiveCfg = Debug|Any CPU
		{434B3D7F-E627-4CCC-BE1A-4302281A44A8}.Debug|x64.Build.0 = Debug|Any CPU
		{434B3D7F-E627-4CCC-BE1A-4302281A44A8}.Debug|x86.ActiveCfg = Debug|Any CPU
		{434B3D7F-E627-4CCC-BE1A-4302281A44A8}.Debug|x86.Build.0 = Debug|Any CPU
		{434B3D7F-E627-4CCC-BE1A-4302281A44A8}.Release|Any CPU.ActiveCfg = Release|Any CPU
		{434B3D7F-E627-4CCC-BE1A-4302281A44A8}.Release|Any CPU.Build.0 = Release|Any CPU
		{434B3D7F-E627-4CCC-BE1A-4302281A44A8}.Release|x64.ActiveCfg = Release|Any CPU
		{434B3D7F-E627-4CCC-BE1A-4302281A44A8}.Release|x64.Build.0 = Release|Any CPU
		{434B3D7F-E627-4CCC-BE1A-4302281A44A8}.Release|x86.ActiveCfg = Release|Any CPU
		{434B3D7F-E627-4CCC-BE1A-4302281A44A8}.Release|x86.Build.0 = Release|Any CPU
		{D3208AB2-95B6-4565-9A8D-CA8230F0B9C6}.Debug|Any CPU.ActiveCfg = Debug|Any CPU
		{D3208AB2-95B6-4565-9A8D-CA8230F0B9C6}.Debug|Any CPU.Build.0 = Debug|Any CPU
		{D3208AB2-95B6-4565-9A8D-CA8230F0B9C6}.Debug|x64.ActiveCfg = Debug|Any CPU
		{D3208AB2-95B6-4565-9A8D-CA8230F0B9C6}.Debug|x64.Build.0 = Debug|Any CPU
		{D3208AB2-95B6-4565-9A8D-CA8230F0B9C6}.Debug|x86.ActiveCfg = Debug|Any CPU
		{D3208AB2-95B6-4565-9A8D-CA8230F0B9C6}.Debug|x86.Build.0 = Debug|Any CPU
		{D3208AB2-95B6-4565-9A8D-CA8230F0B9C6}.Release|Any CPU.ActiveCfg = Release|Any CPU
		{D3208AB2-95B6-4565-9A8D-CA8230F0B9C6}.Release|Any CPU.Build.0 = Release|Any CPU
		{D3208AB2-95B6-4565-9A8D-CA8230F0B9C6}.Release|x64.ActiveCfg = Release|Any CPU
		{D3208AB2-95B6-4565-9A8D-CA8230F0B9C6}.Release|x64.Build.0 = Release|Any CPU
		{D3208AB2-95B6-4565-9A8D-CA8230F0B9C6}.Release|x86.ActiveCfg = Release|Any CPU
		{D3208AB2-95B6-4565-9A8D-CA8230F0B9C6}.Release|x86.Build.0 = Release|Any CPU
		{462D863C-DE3B-4DB0-A2C2-E9EA0832B3E3}.Debug|Any CPU.ActiveCfg = Debug|Any CPU
		{462D863C-DE3B-4DB0-A2C2-E9EA0832B3E3}.Debug|Any CPU.Build.0 = Debug|Any CPU
		{462D863C-DE3B-4DB0-A2C2-E9EA0832B3E3}.Debug|x64.ActiveCfg = Debug|Any CPU
		{462D863C-DE3B-4DB0-A2C2-E9EA0832B3E3}.Debug|x64.Build.0 = Debug|Any CPU
		{462D863C-DE3B-4DB0-A2C2-E9EA0832B3E3}.Debug|x86.ActiveCfg = Debug|Any CPU
		{462D863C-DE3B-4DB0-A2C2-E9EA0832B3E3}.Debug|x86.Build.0 = Debug|Any CPU
		{462D863C-DE3B-4DB0-A2C2-E9EA0832B3E3}.Release|Any CPU.ActiveCfg = Release|Any CPU
		{462D863C-DE3B-4DB0-A2C2-E9EA0832B3E3}.Release|Any CPU.Build.0 = Release|Any CPU
		{462D863C-DE3B-4DB0-A2C2-E9EA0832B3E3}.Release|x64.ActiveCfg = Release|Any CPU
		{462D863C-DE3B-4DB0-A2C2-E9EA0832B3E3}.Release|x64.Build.0 = Release|Any CPU
		{462D863C-DE3B-4DB0-A2C2-E9EA0832B3E3}.Release|x86.ActiveCfg = Release|Any CPU
		{462D863C-DE3B-4DB0-A2C2-E9EA0832B3E3}.Release|x86.Build.0 = Release|Any CPU
	EndGlobalSection
EndGlobal
